{
  "version": 4,
  "terraform_version": "1.15.3",
  "serial": 1,
  "lineage": "07a2629e-18ac-e791-5d6c-f7fc9e9891b2",
  "outputs": {},
  "resources": [
    {
      "module": "module.resource_group",
      "mode": "managed",
      "type": "azurerm_resource_group",
      "name": "rg",
      "provider": "provider[\"registry.terraform.io/hashicorp/azurerm\"]",
      "instances": [
        {
          "index_key": "santan-dev-rg-99",
          "schema_version": 0,
          "attributes": {
            "id": "/subscriptions/8b76c8c5-1b4a-4d7a-8f9f-5d6a2f4b3e2c/resourceGroups/santan-dev-rg-99",
            "location": "eastus",
            "managed_by": "",
            "name": "santan-dev-rg-99",
            "tags": {
              "environment": "dev",
              "owner": "team-alpha"
            },
            "timeouts": null
          },
          "sensitive_attributes": [],
          "identity_schema_version": 0,
          "private": "eyJlMmJmYjczMC1lY2FhLTExZTYtOGY4OC0zNDM2M2JjN2M0YzAiOnsiY3JlYXRlIjo1NDAwMDAwMDAwMDAwLCJkZWxldGUiOjU0MDAwMDAwMDAwMDAsInJlYWQiOjMwMDAwMDAwMDAwMCwidXBkYXRlIjo1NDAwMDAwMDAwMDAwfSwic2NoZW1hX3ZlcnNpb24iOiIwIn0="
        }
      ]
    }
  ],
  "check_results": null
}
